<?xml version="1.0" encoding="utf-8"?>
<Project ToolsVersion="4.0" xmlns="http://schemas.microsoft.com/developer/msbuild/2003">
  <ItemGroup>
    <ClCompile Include="bench_test_1.cpp" />
    <ClCompile Include="vector_operators.cpp" />
    <ClCompile Include="general_functions.cpp" />
    <ClCompile Include="test_tank_functions.cpp" />
    <ClCompile Include="YEI_functions.cpp" />
  </ItemGroup>
  <ItemGroup>
    <Text Include="README.TXT" />
    <Text Include="Win32\Debug\mech_config.txt" />
  </ItemGroup>
  <ItemGroup>
    <ClInclude Include="vector_operators.hpp" />
    <ClInclude Include="general_functions.hpp" />
    <ClInclude Include="ThreeSpace_API_C_3.0.6\threespace_api_export.h" />
    <ClInclude Include="test_tank_functions.hpp" />
    <ClInclude Include="YEI_functions.hpp" />
  </ItemGroup>
</Project>